
Microsoft Visual Studio Solution File, Format Version 12.00
# Visual Studio Version 17
VisualStudioVersion = 17.3.32819.101
MinimumVisualStudioVersion = 10.0.40219.1
Project("{FAE04EC0-301F-11D3-BF4B-00C04F79EFBC}") = "WebShopShoes", "WebShopShoes\WebShopShoes.csproj", "{0D2DEAB7-29F4-4FB9-ADEB-59C7CEB3582C}"
EndProject
Global
	GlobalSection(SolutionConfigurationPlatforms) = preSolution
		Debug|Any CPU = Debug|Any CPU
		Release|Any CPU = Release|Any CPU
	EndGlobalSection
	GlobalSection(ProjectConfigurationPlatforms) = postSolution
		{0D2DEAB7-29F4-4FB9-ADEB-59C7CEB3582C}.Debug|Any CPU.ActiveCfg = Debug|Any CPU
		{0D2DEAB7-29F4-4FB9-ADEB-59C7CEB3582C}.Debug|Any CPU.Build.0 = Debug|Any CPU
		{0D2DEAB7-29F4-4FB9-ADEB-59C7CEB3582C}.Release|Any CPU.ActiveCfg = Release|Any CPU
		{0D2DEAB7-29F4-4FB9-ADEB-59C7CEB3582C}.Release|Any CPU.Build.0 = Release|Any CPU
	EndGlobalSection
	GlobalSection(SolutionProperties) = preSolution
		HideSolutionNode = FALSE
	EndGlobalSection
	GlobalSection(ExtensibilityGlobals) = postSolution
		SolutionGuid = {2619BDA0-C351-402D-8CBC-A57CB63ED831}
	EndGlobalSection
EndGlobal
